PODS:
  - fastCSV (0.1.0)
  - MBProgressHUD (1.1.0)
  - NMSSH (2.3.1)
  - Pulley (2.8.1)
  - Socket.IO-Client-Swift (15.2.0):
    - Starscream (~> 3.1)
  - Starscream (3.1.1)
  - SwiftLint (0.38.1)

DEPENDENCIES:
  - fastCSV
  - MBProgressHUD (~> 1.1)
  - NMSSH
  - Pulley
  - Socket.IO-Client-Swift (~> 15.2.0)
  - SwiftLint

SPEC REPOS:
  https://github.com/CocoaPods/Specs.git:
    - fastCSV
    - MBProgressHUD
    - NMSSH
    - Pulley
    - Socket.IO-Client-Swift
    - Starscream
    - SwiftLint

SPEC CHECKSUMS:
  fastCSV: 81fbee732b8dfe0da7e9d6eb5dd05a94ed386eec
  MBProgressHUD: e7baa36a220447d8aeb12769bf0585582f3866d9
  NMSSH: cd689ae535a1581a6dd9fd4600ff71247df510a6
  Pulley: 8caac123d8e2f0887fec7ae0370f5fba0a1df949
  Socket.IO-Client-Swift: 1e3e3a1f09f3312a167f0d781eb2f383d477357c
  Starscream: 4bb2f9942274833f7b4d296a55504dcfc7edb7b0
  SwiftLint: 0aeb99ca7ccfc222ef93e2560a35e669f5465e6c

PODFILE CHECKSUM: 70a8323b5ffe20e032d77f6d8f6ffc5a95b1a29f

COCOAPODS: 1.11.2
