// !$*UTF8*$!
{
	archiveVersion = 1;
	classes = {
	};
	objectVersion = 51;
	objects = {

/* Begin PBXBuildFile section */
		09DD9ED3104045D6742E2711 /* Pods_VehicleGPS.framework in Frameworks */ = {isa = PBXBuildFile; fileRef = 91414370C2664EC28E073078 /* Pods_VehicleGPS.framework */; };
		F20574B524379A1F0044282B /* Icons.swift in Sources */ = {isa = PBXBuildFile; fileRef = F20574B424379A1F0044282B /* Icons.swift */; };
		F20574B724379C720044282B /* Constants.swift in Sources */ = {isa = PBXBuildFile; fileRef = F20574B624379C720044282B /* Constants.swift */; };
		F206FA7723D09366009A37F6 /* VGNewJourneyTableViewController.swift in Sources */ = {isa = PBXBuildFile; fileRef = F206FA7623D09366009A37F6 /* VGNewJourneyTableViewController.swift */; };
		F215AC6423DB1AA40001AF24 /* VGVehicle.swift in Sources */ = {isa = PBXBuildFile; fileRef = F215AC6323DB1AA40001AF24 /* VGVehicle.swift */; };
		F215AC6623DB1AAC0001AF24 /* VGJourney.swift in Sources */ = {isa = PBXBuildFile; fileRef = F215AC6523DB1AAC0001AF24 /* VGJourney.swift */; };
		F215AC7E23DB38D90001AF24 /* VGVehiclesTableViewController.swift in Sources */ = {isa = PBXBuildFile; fileRef = F215AC7D23DB38D90001AF24 /* VGVehiclesTableViewController.swift */; };
		F215AC8323DB3BC50001AF24 /* VGNewVehicleTableViewController.swift in Sources */ = {isa = PBXBuildFile; fileRef = F215AC8223DB3BC50001AF24 /* VGNewVehicleTableViewController.swift */; };
		F215AC8723DB8E0D0001AF24 /* VGNewVehicleTableViewCell.swift in Sources */ = {isa = PBXBuildFile; fileRef = F215AC8623DB8E0D0001AF24 /* VGNewVehicleTableViewCell.swift */; };
		F215ADFC2402799C000ECFFF /* VGCSVParser.swift in Sources */ = {isa = PBXBuildFile; fileRef = F215ADFB2402799C000ECFFF /* VGCSVParser.swift */; };
		F2169BEF23C9D0BE00DE8547 /* VGJourneyTableViewController.swift in Sources */ = {isa = PBXBuildFile; fileRef = F2169BEE23C9D0BE00DE8547 /* VGJourneyTableViewController.swift */; };
		F22235FD23E1D9D5008EF8E5 /* VGVehiclesSelectionTableViewController.swift in Sources */ = {isa = PBXBuildFile; fileRef = F22235FC23E1D9D5008EF8E5 /* VGVehiclesSelectionTableViewController.swift */; };
		F22235FF23E21216008EF8E5 /* VGVehicleDetailsTableViewController.swift in Sources */ = {isa = PBXBuildFile; fileRef = F22235FE23E21216008EF8E5 /* VGVehicleDetailsTableViewController.swift */; };
		F228B30B243CB5EC00D79D5E /* VGImportTableViewCell.xib in Resources */ = {isa = PBXBuildFile; fileRef = F228B30A243CB5EC00D79D5E /* VGImportTableViewCell.xib */; };
		F228B30F243CED3A00D79D5E /* VGMapView.swift in Sources */ = {isa = PBXBuildFile; fileRef = F228B30E243CED3A00D79D5E /* VGMapView.swift */; };
		F228C43C23D76A9700E5BBB7 /* IVGLogParser.swift in Sources */ = {isa = PBXBuildFile; fileRef = F228C43B23D76A9700E5BBB7 /* IVGLogParser.swift */; };
		F22F37C2243AAB60005E80C1 /* VGDateParsingFormatter.swift in Sources */ = {isa = PBXBuildFile; fileRef = F22F37C1243AAB60005E80C1 /* VGDateParsingFormatter.swift */; };
		F23A32CF23DBA82100B21050 /* VGVehicleTableViewCell.xib in Resources */ = {isa = PBXBuildFile; fileRef = F23A32CE23DBA82100B21050 /* VGVehicleTableViewCell.xib */; };
		F23A32D123DBA85100B21050 /* VGVehicleTableViewCell.swift in Sources */ = {isa = PBXBuildFile; fileRef = F23A32D023DBA85100B21050 /* VGVehicleTableViewCell.swift */; };
		F23BE8BF22A5E4B9008FD50C /* AppDelegate.swift in Sources */ = {isa = PBXBuildFile; fileRef = F23BE8BE22A5E4B9008FD50C /* AppDelegate.swift */; };
		F23BE8C722A5E4B9008FD50C /* VehicleGPS.xcdatamodeld in Sources */ = {isa = PBXBuildFile; fileRef = F23BE8C522A5E4B9008FD50C /* VehicleGPS.xcdatamodeld */; };
		F23BE8C922A5E4BA008FD50C /* Assets.xcassets in Resources */ = {isa = PBXBuildFile; fileRef = F23BE8C822A5E4BA008FD50C /* Assets.xcassets */; };
		F23BE8D422A5E566008FD50C /* VGTabBarController.swift in Sources */ = {isa = PBXBuildFile; fileRef = F23BE8D322A5E566008FD50C /* VGTabBarController.swift */; };
		F23BE8DD22A5E596008FD50C /* NewNetworkTableViewController.swift in Sources */ = {isa = PBXBuildFile; fileRef = F23BE8D822A5E596008FD50C /* NewNetworkTableViewController.swift */; };
		F23BE8DE22A5E596008FD50C /* VGSettingsTableViewController.swift in Sources */ = {isa = PBXBuildFile; fileRef = F23BE8D922A5E596008FD50C /* VGSettingsTableViewController.swift */; };
		F23BE8E022A5E596008FD50C /* VGWiFiTableViewController.swift in Sources */ = {isa = PBXBuildFile; fileRef = F23BE8DB22A5E596008FD50C /* VGWiFiTableViewController.swift */; };
		F23BE8E122A5E596008FD50C /* messages.plist in Resources */ = {isa = PBXBuildFile; fileRef = F23BE8DC22A5E596008FD50C /* messages.plist */; };
		F23BE8F222A5E5BB008FD50C /* VGLogDetailsViewController.swift in Sources */ = {isa = PBXBuildFile; fileRef = F23BE8E722A5E5BB008FD50C /* VGLogDetailsViewController.swift */; };
		F23BE8F422A5E5BB008FD50C /* VGTrack.swift in Sources */ = {isa = PBXBuildFile; fileRef = F23BE8E922A5E5BB008FD50C /* VGTrack.swift */; };
		F23BE8F522A5E5BB008FD50C /* VGGraphTableViewCell.swift in Sources */ = {isa = PBXBuildFile; fileRef = F23BE8EA22A5E5BB008FD50C /* VGGraphTableViewCell.swift */; };
		F23BE8F622A5E5BB008FD50C /* VGDataPoint.swift in Sources */ = {isa = PBXBuildFile; fileRef = F23BE8EB22A5E5BB008FD50C /* VGDataPoint.swift */; };
		F23BE8F722A5E5BB008FD50C /* VGLogsTableViewCell.xib in Resources */ = {isa = PBXBuildFile; fileRef = F23BE8EC22A5E5BB008FD50C /* VGLogsTableViewCell.xib */; };
		F23BE8F822A5E5BB008FD50C /* VGLogsTableViewCell.swift in Sources */ = {isa = PBXBuildFile; fileRef = F23BE8ED22A5E5BB008FD50C /* VGLogsTableViewCell.swift */; };
		F23BE8F922A5E5BB008FD50C /* VGSFTPManager.swift in Sources */ = {isa = PBXBuildFile; fileRef = F23BE8EE22A5E5BB008FD50C /* VGSFTPManager.swift */; };
		F23BE8FB22A5E5BB008FD50C /* VGLogsTableViewController.swift in Sources */ = {isa = PBXBuildFile; fileRef = F23BE8F022A5E5BB008FD50C /* VGLogsTableViewController.swift */; };
		F23D786F23B1551300DBC64F /* VGHistorySection.swift in Sources */ = {isa = PBXBuildFile; fileRef = F23D786E23B1551300DBC64F /* VGHistorySection.swift */; };
		F23F60C1244C87C100A97CF8 /* VGImportTableViewCell.swift in Sources */ = {isa = PBXBuildFile; fileRef = F23F60C0244C87C100A97CF8 /* VGImportTableViewCell.swift */; };
		F23F60C3244C8A5400A97CF8 /* VGFullDateFormatter.swift in Sources */ = {isa = PBXBuildFile; fileRef = F23F60C2244C8A5400A97CF8 /* VGFullDateFormatter.swift */; };
		F24754F523DD9219007E0DF8 /* VGHeaderDateFormatter.swift in Sources */ = {isa = PBXBuildFile; fileRef = F24754F423DD9219007E0DF8 /* VGHeaderDateFormatter.swift */; };
		F24754F723DDAAD8007E0DF8 /* VGDistanceFormatter.swift in Sources */ = {isa = PBXBuildFile; fileRef = F24754F623DDAAD8007E0DF8 /* VGDistanceFormatter.swift */; };
		F24754FC23DDAE26007E0DF8 /* VGDurationFormatter.swift in Sources */ = {isa = PBXBuildFile; fileRef = F24754FB23DDAE26007E0DF8 /* VGDurationFormatter.swift */; };
		F24754FE23DDAFA8007E0DF8 /* VGListEmptyLabel.swift in Sources */ = {isa = PBXBuildFile; fileRef = F24754FD23DDAFA8007E0DF8 /* VGListEmptyLabel.swift */; };
		F247550023DDBB87007E0DF8 /* VGAvailableLogsTableViewCell.xib in Resources */ = {isa = PBXBuildFile; fileRef = F24754FF23DDBB87007E0DF8 /* VGAvailableLogsTableViewCell.xib */; };
		F247550223DDBC43007E0DF8 /* VGAvailableLogsTableViewCell.swift in Sources */ = {isa = PBXBuildFile; fileRef = F247550123DDBC43007E0DF8 /* VGAvailableLogsTableViewCell.swift */; };
		F24A6FCE22F8521F00C8D372 /* NetworkExtension.framework in Frameworks */ = {isa = PBXBuildFile; fileRef = F24A6FCD22F8521F00C8D372 /* NetworkExtension.framework */; };
		F24D88C523D3C7BD0071F6BC /* VGDownloadLogsViewController.swift in Sources */ = {isa = PBXBuildFile; fileRef = F24D88C423D3C7BD0071F6BC /* VGDownloadLogsViewController.swift */; };
		F24D88C723D3CB0D0071F6BC /* VGAvailableDownloadTableViewController.swift in Sources */ = {isa = PBXBuildFile; fileRef = F24D88C623D3CB0D0071F6BC /* VGAvailableDownloadTableViewController.swift */; };
		F24D88CB23D622300071F6BC /* VGSnapshotMaker.swift in Sources */ = {isa = PBXBuildFile; fileRef = F24D88CA23D622300071F6BC /* VGSnapshotMaker.swift */; };
		F24D88CD23D631C00071F6BC /* VGZeroMapSnapshotter.swift in Sources */ = {isa = PBXBuildFile; fileRef = F24D88CC23D631C00071F6BC /* VGZeroMapSnapshotter.swift */; };
		F24D88CF23D632D60071F6BC /* VGTrackMapSnapshotter.swift in Sources */ = {isa = PBXBuildFile; fileRef = F24D88CE23D632D60071F6BC /* VGTrackMapSnapshotter.swift */; };
		F25669BE23CB6DB700CC7934 /* TrackGraphViewConfig.swift in Sources */ = {isa = PBXBuildFile; fileRef = F25669BD23CB6DB700CC7934 /* TrackGraphViewConfig.swift */; };
		F257077A22F09AAA00F201B3 /* TrackGraphView.swift in Sources */ = {isa = PBXBuildFile; fileRef = F257077922F09AAA00F201B3 /* TrackGraphView.swift */; };
		F257077E22F09B9900F201B3 /* VGLogDetailsTrackTableViewController.swift in Sources */ = {isa = PBXBuildFile; fileRef = F257077D22F09B9900F201B3 /* VGLogDetailsTrackTableViewController.swift */; };
		F257078022F0C10B00F201B3 /* VGLogHeaderView.xib in Resources */ = {isa = PBXBuildFile; fileRef = F257077F22F0C10B00F201B3 /* VGLogHeaderView.xib */; };
		F257078222F0C20000F201B3 /* VGLogHeaderView.swift in Sources */ = {isa = PBXBuildFile; fileRef = F257078122F0C20000F201B3 /* VGLogHeaderView.swift */; };
		F25839D723A680D400E76B54 /* VGHistoryTableViewController.swift in Sources */ = {isa = PBXBuildFile; fileRef = F25839D623A680D400E76B54 /* VGHistoryTableViewController.swift */; };
		F25839D923A680FC00E76B54 /* VGHistoryTableViewCell.swift in Sources */ = {isa = PBXBuildFile; fileRef = F25839D823A680FC00E76B54 /* VGHistoryTableViewCell.swift */; };
		F25839DB23A6810F00E76B54 /* VGHistoryTableViewCell.xib in Resources */ = {isa = PBXBuildFile; fileRef = F25839DA23A6810F00E76B54 /* VGHistoryTableViewCell.xib */; };
		F25839DD23A6BE8600E76B54 /* VGTracksSummary.swift in Sources */ = {isa = PBXBuildFile; fileRef = F25839DC23A6BE8600E76B54 /* VGTracksSummary.swift */; };
		F25839DF23A9801400E76B54 /* VGDetailsHeaderView.xib in Resources */ = {isa = PBXBuildFile; fileRef = F25839DE23A9801400E76B54 /* VGDetailsHeaderView.xib */; };
		F25839E323AAD1E000E76B54 /* VGHistoryHeader.swift in Sources */ = {isa = PBXBuildFile; fileRef = F25839E223AAD1E000E76B54 /* VGHistoryHeader.swift */; };
		F258F5E623FB02C70079C1EE /* VGColorTableViewCell.swift in Sources */ = {isa = PBXBuildFile; fileRef = F258F5E523FB02C70079C1EE /* VGColorTableViewCell.swift */; };
		F258F5E823FB02DC0079C1EE /* VGColorTableViewCell.xib in Resources */ = {isa = PBXBuildFile; fileRef = F258F5E723FB02DC0079C1EE /* VGColorTableViewCell.xib */; };
		F26245E9243F7C8E001CB3E4 /* LaunchScreen.storyboard in Resources */ = {isa = PBXBuildFile; fileRef = F26245E8243F7C8E001CB3E4 /* LaunchScreen.storyboard */; };
		F2647BE52434F8B500283B38 /* UIColor+Extensions.swift in Sources */ = {isa = PBXBuildFile; fileRef = F2647BE42434F8B500283B38 /* UIColor+Extensions.swift */; };
		F2647BE72435024600283B38 /* String+Extensions.swift in Sources */ = {isa = PBXBuildFile; fileRef = F2647BE62435024600283B38 /* String+Extensions.swift */; };
		F2647BE92435029900283B38 /* UIView+Extensions.swift in Sources */ = {isa = PBXBuildFile; fileRef = F2647BE82435029900283B38 /* UIView+Extensions.swift */; };
		F2647BEB24352FBD00283B38 /* Strings.swift in Sources */ = {isa = PBXBuildFile; fileRef = F2647BEA24352FBD00283B38 /* Strings.swift */; };
		F26B01E8244E009400220F43 /* DisplayLineProtocol.swift in Sources */ = {isa = PBXBuildFile; fileRef = F26B01E7244E009400220F43 /* DisplayLineProtocol.swift */; };
		F26B2C0E24B28E1D00E9F22C /* SplitViewController.swift in Sources */ = {isa = PBXBuildFile; fileRef = F26B2C0D24B28E1D00E9F22C /* SplitViewController.swift */; };
		F26B2C2824B3570A00E9F22C /* SidebarCollectionViewController.swift in Sources */ = {isa = PBXBuildFile; fileRef = F26B2C2724B3570A00E9F22C /* SidebarCollectionViewController.swift */; };
		F26CCB6B23DBB44600697EFA /* Localizable.strings in Resources */ = {isa = PBXBuildFile; fileRef = F26CCB6D23DBB44600697EFA /* Localizable.strings */; };
		F2797D5723CD1AC500207650 /* VGHistoryDetailsTableViewController.swift in Sources */ = {isa = PBXBuildFile; fileRef = F2797D5623CD1AC500207650 /* VGHistoryDetailsTableViewController.swift */; };
		F27CB77C23D38A3D002BF28F /* VGDeviceConnectedHeaderView.xib in Resources */ = {isa = PBXBuildFile; fileRef = F27CB77B23D38A3D002BF28F /* VGDeviceConnectedHeaderView.xib */; };
		F27CB77E23D38C50002BF28F /* VGDeviceConnectedHeaderView.swift in Sources */ = {isa = PBXBuildFile; fileRef = F27CB77D23D38C50002BF28F /* VGDeviceConnectedHeaderView.swift */; };
		F27DFBA824194E330089DFF1 /* VGGPXParser.swift in Sources */ = {isa = PBXBuildFile; fileRef = F27DFBA724194E330089DFF1 /* VGGPXParser.swift */; };
		F280AC8F24C2773500509C5E /* LogDateSplitter.swift in Sources */ = {isa = PBXBuildFile; fileRef = F280AC8E24C2773500509C5E /* LogDateSplitter.swift */; };
		F280AC9324C3352C00509C5E /* VGMapViewController.swift in Sources */ = {isa = PBXBuildFile; fileRef = F280AC9224C3352C00509C5E /* VGMapViewController.swift */; };
		F280ACD124C37DCB00509C5E /* VGColorWell.swift in Sources */ = {isa = PBXBuildFile; fileRef = F280ACD024C37DCB00509C5E /* VGColorWell.swift */; };
		F286124C24C0DA920029F34A /* VGMapSnapshotter.swift in Sources */ = {isa = PBXBuildFile; fileRef = F286124B24C0DA920029F34A /* VGMapSnapshotter.swift */; };
		F28D752D248D512D0060DFD6 /* VGFileNameDateFormatter.swift in Sources */ = {isa = PBXBuildFile; fileRef = F28D752C248D512D0060DFD6 /* VGFileNameDateFormatter.swift */; };
		F297DD032439445B00431472 /* DeviceCommunicator.swift in Sources */ = {isa = PBXBuildFile; fileRef = F297DD022439445B00431472 /* DeviceCommunicator.swift */; };
		F2AB17572428F658003240C1 /* VGNewVehicleTableViewCell.xib in Resources */ = {isa = PBXBuildFile; fileRef = F2AB17592428F658003240C1 /* VGNewVehicleTableViewCell.xib */; };
		F2AC16FE23EDAFA400516498 /* VGEditVehicleTableViewController.swift in Sources */ = {isa = PBXBuildFile; fileRef = F2AC16FD23EDAFA400516498 /* VGEditVehicleTableViewController.swift */; };
		F2AC170223F0094C00516498 /* VGMapPoint.swift in Sources */ = {isa = PBXBuildFile; fileRef = F2AC170123F0094C00516498 /* VGMapPoint.swift */; };
		F2B50C2C24151C9D002ECCC6 /* VGShortCSVParser.swift in Sources */ = {isa = PBXBuildFile; fileRef = F2B50C2B24151C9D002ECCC6 /* VGShortCSVParser.swift */; };
		F2C73ABE24266148008069AE /* VGImportFileTableViewController.swift in Sources */ = {isa = PBXBuildFile; fileRef = F2C73ABD24266148008069AE /* VGImportFileTableViewController.swift */; };
		F2C96EB222A853A500180055 /* VGFileManager.swift in Sources */ = {isa = PBXBuildFile; fileRef = F2C96EB122A853A500180055 /* VGFileManager.swift */; };
		F2D36DA722A71CB700FC0DDD /* VGDataStore.swift in Sources */ = {isa = PBXBuildFile; fileRef = F2D36DA622A71CB700FC0DDD /* VGDataStore.swift */; };
		F2D6A31422AE0504004DDF69 /* VGGPXGenerator.swift in Sources */ = {isa = PBXBuildFile; fileRef = F2D6A31322AE0504004DDF69 /* VGGPXGenerator.swift */; };
		F2D8C30523FDD01500D77BF2 /* NotificationCenterNames.swift in Sources */ = {isa = PBXBuildFile; fileRef = F2D8C30423FDD01500D77BF2 /* NotificationCenterNames.swift */; };
		F2DCA9442402E3BA00CA9CF1 /* VGArduinoCSVParser.swift in Sources */ = {isa = PBXBuildFile; fileRef = F2DCA9432402E3BA00CA9CF1 /* VGArduinoCSVParser.swift */; };
		F2EE0CB02407E76C00916DD9 /* StreamReader.swift in Sources */ = {isa = PBXBuildFile; fileRef = F2EE0CAF2407E76C00916DD9 /* StreamReader.swift */; };
		F2F14BB924423D0300982E8A /* VGVGPSDeviceSettingsTableViewController.swift in Sources */ = {isa = PBXBuildFile; fileRef = F2F14BB824423D0300982E8A /* VGVGPSDeviceSettingsTableViewController.swift */; };
		F2FDA85E23C646B3000B8B76 /* VGDatabaseTableViewController.swift in Sources */ = {isa = PBXBuildFile; fileRef = F2FDA85D23C646B3000B8B76 /* VGDatabaseTableViewController.swift */; };
		F2FF02382442815000502869 /* VGDownloadedFile.swift in Sources */ = {isa = PBXBuildFile; fileRef = F2FF02372442815000502869 /* VGDownloadedFile.swift */; };
/* End PBXBuildFile section */

/* Begin PBXFileReference section */
		18EB1CD0499873B64661B1E0 /* Pods-VehicleGPS.release.xcconfig */ = {isa = PBXFileReference; includeInIndex = 1; lastKnownFileType = text.xcconfig; name = "Pods-VehicleGPS.release.xcconfig"; path = "Target Support Files/Pods-VehicleGPS/Pods-VehicleGPS.release.xcconfig"; sourceTree = "<group>"; };
		91414370C2664EC28E073078 /* Pods_VehicleGPS.framework */ = {isa = PBXFileReference; explicitFileType = wrapper.framework; includeInIndex = 0; path = Pods_VehicleGPS.framework; sourceTree = BUILT_PRODUCTS_DIR; };
		9CB23282698EF0E65FC3BED1 /* Pods-VehicleGPS.debug.xcconfig */ = {isa = PBXFileReference; includeInIndex = 1; lastKnownFileType = text.xcconfig; name = "Pods-VehicleGPS.debug.xcconfig"; path = "Target Support Files/Pods-VehicleGPS/Pods-VehicleGPS.debug.xcconfig"; sourceTree = "<group>"; };
		F20574B424379A1F0044282B /* Icons.swift */ = {isa = PBXFileReference; lastKnownFileType = sourcecode.swift; path = Icons.swift; sourceTree = "<group>"; };
		F20574B624379C720044282B /* Constants.swift */ = {isa = PBXFileReference; lastKnownFileType = sourcecode.swift; path = Constants.swift; sourceTree = "<group>"; };
		F206FA7623D09366009A37F6 /* VGNewJourneyTableViewController.swift */ = {isa = PBXFileReference; lastKnownFileType = sourcecode.swift; path = VGNewJourneyTableViewController.swift; sourceTree = "<group>"; };
		F215AC6323DB1AA40001AF24 /* VGVehicle.swift */ = {isa = PBXFileReference; lastKnownFileType = sourcecode.swift; path = VGVehicle.swift; sourceTree = "<group>"; };
		F215AC6523DB1AAC0001AF24 /* VGJourney.swift */ = {isa = PBXFileReference; lastKnownFileType = sourcecode.swift; path = VGJourney.swift; sourceTree = "<group>"; };
		F215AC7D23DB38D90001AF24 /* VGVehiclesTableViewController.swift */ = {isa = PBXFileReference; lastKnownFileType = sourcecode.swift; path = VGVehiclesTableViewController.swift; sourceTree = "<group>"; };
		F215AC8223DB3BC50001AF24 /* VGNewVehicleTableViewController.swift */ = {isa = PBXFileReference; lastKnownFileType = sourcecode.swift; path = VGNewVehicleTableViewController.swift; sourceTree = "<group>"; };
		F215AC8623DB8E0D0001AF24 /* VGNewVehicleTableViewCell.swift */ = {isa = PBXFileReference; lastKnownFileType = sourcecode.swift; path = VGNewVehicleTableViewCell.swift; sourceTree = "<group>"; };
		F215ADFB2402799C000ECFFF /* VGCSVParser.swift */ = {isa = PBXFileReference; lastKnownFileType = sourcecode.swift; path = VGCSVParser.swift; sourceTree = "<group>"; };
		F2169BEE23C9D0BE00DE8547 /* VGJourneyTableViewController.swift */ = {isa = PBXFileReference; lastKnownFileType = sourcecode.swift; path = VGJourneyTableViewController.swift; sourceTree = "<group>"; };
		F22235FC23E1D9D5008EF8E5 /* VGVehiclesSelectionTableViewController.swift */ = {isa = PBXFileReference; lastKnownFileType = sourcecode.swift; path = VGVehiclesSelectionTableViewController.swift; sourceTree = "<group>"; };
		F22235FE23E21216008EF8E5 /* VGVehicleDetailsTableViewController.swift */ = {isa = PBXFileReference; lastKnownFileType = sourcecode.swift; path = VGVehicleDetailsTableViewController.swift; sourceTree = "<group>"; };
		F228B30A243CB5EC00D79D5E /* VGImportTableViewCell.xib */ = {isa = PBXFileReference; lastKnownFileType = file.xib; path = VGImportTableViewCell.xib; sourceTree = "<group>"; };
		F228B30E243CED3A00D79D5E /* VGMapView.swift */ = {isa = PBXFileReference; lastKnownFileType = sourcecode.swift; path = VGMapView.swift; sourceTree = "<group>"; };
		F228C43B23D76A9700E5BBB7 /* IVGLogParser.swift */ = {isa = PBXFileReference; lastKnownFileType = sourcecode.swift; path = IVGLogParser.swift; sourceTree = "<group>"; };
		F22F37C1243AAB60005E80C1 /* VGDateParsingFormatter.swift */ = {isa = PBXFileReference; lastKnownFileType = sourcecode.swift; path = VGDateParsingFormatter.swift; sourceTree = "<group>"; };
		F23A32CE23DBA82100B21050 /* VGVehicleTableViewCell.xib */ = {isa = PBXFileReference; fileEncoding = 4; lastKnownFileType = file.xib; path = VGVehicleTableViewCell.xib; sourceTree = "<group>"; };
		F23A32D023DBA85100B21050 /* VGVehicleTableViewCell.swift */ = {isa = PBXFileReference; lastKnownFileType = sourcecode.swift; path = VGVehicleTableViewCell.swift; sourceTree = "<group>"; };
		F23BE8BB22A5E4B9008FD50C /* VehicleGPS.app */ = {isa = PBXFileReference; explicitFileType = wrapper.application; includeInIndex = 0; path = VehicleGPS.app; sourceTree = BUILT_PRODUCTS_DIR; };
		F23BE8BE22A5E4B9008FD50C /* AppDelegate.swift */ = {isa = PBXFileReference; lastKnownFileType = sourcecode.swift; path = AppDelegate.swift; sourceTree = "<group>"; };
		F23BE8C622A5E4B9008FD50C /* VehicleGPS.xcdatamodel */ = {isa = PBXFileReference; lastKnownFileType = wrapper.xcdatamodel; path = VehicleGPS.xcdatamodel; sourceTree = "<group>"; };
		F23BE8C822A5E4BA008FD50C /* Assets.xcassets */ = {isa = PBXFileReference; lastKnownFileType = folder.assetcatalog; path = Assets.xcassets; sourceTree = "<group>"; };
		F23BE8CD22A5E4BA008FD50C /* Info.plist */ = {isa = PBXFileReference; lastKnownFileType = text.plist.xml; path = Info.plist; sourceTree = "<group>"; };
		F23BE8D322A5E566008FD50C /* VGTabBarController.swift */ = {isa = PBXFileReference; fileEncoding = 4; lastKnownFileType = sourcecode.swift; path = VGTabBarController.swift; sourceTree = "<group>"; };
		F23BE8D822A5E596008FD50C /* NewNetworkTableViewController.swift */ = {isa = PBXFileReference; fileEncoding = 4; lastKnownFileType = sourcecode.swift; path = NewNetworkTableViewController.swift; sourceTree = "<group>"; };
		F23BE8D922A5E596008FD50C /* VGSettingsTableViewController.swift */ = {isa = PBXFileReference; fileEncoding = 4; lastKnownFileType = sourcecode.swift; path = VGSettingsTableViewController.swift; sourceTree = "<group>"; };
		F23BE8DB22A5E596008FD50C /* VGWiFiTableViewController.swift */ = {isa = PBXFileReference; fileEncoding = 4; lastKnownFileType = sourcecode.swift; path = VGWiFiTableViewController.swift; sourceTree = "<group>"; };
		F23BE8DC22A5E596008FD50C /* messages.plist */ = {isa = PBXFileReference; fileEncoding = 4; lastKnownFileType = text.plist.xml; path = messages.plist; sourceTree = "<group>"; };
		F23BE8E722A5E5BB008FD50C /* VGLogDetailsViewController.swift */ = {isa = PBXFileReference; fileEncoding = 4; lastKnownFileType = sourcecode.swift; path = VGLogDetailsViewController.swift; sourceTree = "<group>"; };
		F23BE8E922A5E5BB008FD50C /* VGTrack.swift */ = {isa = PBXFileReference; fileEncoding = 4; lastKnownFileType = sourcecode.swift; path = VGTrack.swift; sourceTree = "<group>"; };
		F23BE8EA22A5E5BB008FD50C /* VGGraphTableViewCell.swift */ = {isa = PBXFileReference; fileEncoding = 4; lastKnownFileType = sourcecode.swift; path = VGGraphTableViewCell.swift; sourceTree = "<group>"; };
		F23BE8EB22A5E5BB008FD50C /* VGDataPoint.swift */ = {isa = PBXFileReference; fileEncoding = 4; lastKnownFileType = sourcecode.swift; path = VGDataPoint.swift; sourceTree = "<group>"; };
		F23BE8EC22A5E5BB008FD50C /* VGLogsTableViewCell.xib */ = {isa = PBXFileReference; fileEncoding = 4; lastKnownFileType = file.xib; path = VGLogsTableViewCell.xib; sourceTree = "<group>"; };
		F23BE8ED22A5E5BB008FD50C /* VGLogsTableViewCell.swift */ = {isa = PBXFileReference; fileEncoding = 4; lastKnownFileType = sourcecode.swift; path = VGLogsTableViewCell.swift; sourceTree = "<group>"; };
		F23BE8EE22A5E5BB008FD50C /* VGSFTPManager.swift */ = {isa = PBXFileReference; fileEncoding = 4; lastKnownFileType = sourcecode.swift; path = VGSFTPManager.swift; sourceTree = "<group>"; };
		F23BE8F022A5E5BB008FD50C /* VGLogsTableViewController.swift */ = {isa = PBXFileReference; fileEncoding = 4; lastKnownFileType = sourcecode.swift; path = VGLogsTableViewController.swift; sourceTree = "<group>"; };
		F23D786E23B1551300DBC64F /* VGHistorySection.swift */ = {isa = PBXFileReference; lastKnownFileType = sourcecode.swift; path = VGHistorySection.swift; sourceTree = "<group>"; };
		F23F60C0244C87C100A97CF8 /* VGImportTableViewCell.swift */ = {isa = PBXFileReference; lastKnownFileType = sourcecode.swift; path = VGImportTableViewCell.swift; sourceTree = "<group>"; };
		F23F60C2244C8A5400A97CF8 /* VGFullDateFormatter.swift */ = {isa = PBXFileReference; lastKnownFileType = sourcecode.swift; path = VGFullDateFormatter.swift; sourceTree = "<group>"; };
		F24754F423DD9219007E0DF8 /* VGHeaderDateFormatter.swift */ = {isa = PBXFileReference; lastKnownFileType = sourcecode.swift; path = VGHeaderDateFormatter.swift; sourceTree = "<group>"; };
		F24754F623DDAAD8007E0DF8 /* VGDistanceFormatter.swift */ = {isa = PBXFileReference; lastKnownFileType = sourcecode.swift; path = VGDistanceFormatter.swift; sourceTree = "<group>"; };
		F24754FB23DDAE26007E0DF8 /* VGDurationFormatter.swift */ = {isa = PBXFileReference; lastKnownFileType = sourcecode.swift; path = VGDurationFormatter.swift; sourceTree = "<group>"; };
		F24754FD23DDAFA8007E0DF8 /* VGListEmptyLabel.swift */ = {isa = PBXFileReference; lastKnownFileType = sourcecode.swift; path = VGListEmptyLabel.swift; sourceTree = "<group>"; };
		F24754FF23DDBB87007E0DF8 /* VGAvailableLogsTableViewCell.xib */ = {isa = PBXFileReference; fileEncoding = 4; lastKnownFileType = file.xib; path = VGAvailableLogsTableViewCell.xib; sourceTree = "<group>"; };
		F247550123DDBC43007E0DF8 /* VGAvailableLogsTableViewCell.swift */ = {isa = PBXFileReference; fileEncoding = 4; lastKnownFileType = sourcecode.swift; path = VGAvailableLogsTableViewCell.swift; sourceTree = "<group>"; };
		F24A6FCC22F8521E00C8D372 /* VehicleGPS.entitlements */ = {isa = PBXFileReference; lastKnownFileType = text.plist.entitlements; path = VehicleGPS.entitlements; sourceTree = "<group>"; };
		F24A6FCD22F8521F00C8D372 /* NetworkExtension.framework */ = {isa = PBXFileReference; lastKnownFileType = wrapper.framework; name = NetworkExtension.framework; path = System/Library/Frameworks/NetworkExtension.framework; sourceTree = SDKROOT; };
		F24D88C423D3C7BD0071F6BC /* VGDownloadLogsViewController.swift */ = {isa = PBXFileReference; lastKnownFileType = sourcecode.swift; path = VGDownloadLogsViewController.swift; sourceTree = "<group>"; };
		F24D88C623D3CB0D0071F6BC /* VGAvailableDownloadTableViewController.swift */ = {isa = PBXFileReference; lastKnownFileType = sourcecode.swift; path = VGAvailableDownloadTableViewController.swift; sourceTree = "<group>"; };
		F24D88CA23D622300071F6BC /* VGSnapshotMaker.swift */ = {isa = PBXFileReference; lastKnownFileType = sourcecode.swift; path = VGSnapshotMaker.swift; sourceTree = "<group>"; };
		F24D88CC23D631C00071F6BC /* VGZeroMapSnapshotter.swift */ = {isa = PBXFileReference; lastKnownFileType = sourcecode.swift; path = VGZeroMapSnapshotter.swift; sourceTree = "<group>"; };
		F24D88CE23D632D60071F6BC /* VGTrackMapSnapshotter.swift */ = {isa = PBXFileReference; lastKnownFileType = sourcecode.swift; path = VGTrackMapSnapshotter.swift; sourceTree = "<group>"; };
		F25669BD23CB6DB700CC7934 /* TrackGraphViewConfig.swift */ = {isa = PBXFileReference; lastKnownFileType = sourcecode.swift; path = TrackGraphViewConfig.swift; sourceTree = "<group>"; };
		F257077922F09AAA00F201B3 /* TrackGraphView.swift */ = {isa = PBXFileReference; fileEncoding = 4; lastKnownFileType = sourcecode.swift; path = TrackGraphView.swift; sourceTree = "<group>"; };
		F257077D22F09B9900F201B3 /* VGLogDetailsTrackTableViewController.swift */ = {isa = PBXFileReference; lastKnownFileType = sourcecode.swift; path = VGLogDetailsTrackTableViewController.swift; sourceTree = "<group>"; };
		F257077F22F0C10B00F201B3 /* VGLogHeaderView.xib */ = {isa = PBXFileReference; lastKnownFileType = file.xib; path = VGLogHeaderView.xib; sourceTree = "<group>"; };
		F257078122F0C20000F201B3 /* VGLogHeaderView.swift */ = {isa = PBXFileReference; lastKnownFileType = sourcecode.swift; path = VGLogHeaderView.swift; sourceTree = "<group>"; };
		F25839D623A680D400E76B54 /* VGHistoryTableViewController.swift */ = {isa = PBXFileReference; lastKnownFileType = sourcecode.swift; path = VGHistoryTableViewController.swift; sourceTree = "<group>"; };
		F25839D823A680FC00E76B54 /* VGHistoryTableViewCell.swift */ = {isa = PBXFileReference; lastKnownFileType = sourcecode.swift; path = VGHistoryTableViewCell.swift; sourceTree = "<group>"; };
		F25839DA23A6810F00E76B54 /* VGHistoryTableViewCell.xib */ = {isa = PBXFileReference; lastKnownFileType = file.xib; path = VGHistoryTableViewCell.xib; sourceTree = "<group>"; };
		F25839DC23A6BE8600E76B54 /* VGTracksSummary.swift */ = {isa = PBXFileReference; lastKnownFileType = sourcecode.swift; path = VGTracksSummary.swift; sourceTree = "<group>"; };
		F25839DE23A9801400E76B54 /* VGDetailsHeaderView.xib */ = {isa = PBXFileReference; lastKnownFileType = file.xib; path = VGDetailsHeaderView.xib; sourceTree = "<group>"; };
		F25839E223AAD1E000E76B54 /* VGHistoryHeader.swift */ = {isa = PBXFileReference; lastKnownFileType = sourcecode.swift; path = VGHistoryHeader.swift; sourceTree = "<group>"; };
		F258F5E523FB02C70079C1EE /* VGColorTableViewCell.swift */ = {isa = PBXFileReference; lastKnownFileType = sourcecode.swift; path = VGColorTableViewCell.swift; sourceTree = "<group>"; };
		F258F5E723FB02DC0079C1EE /* VGColorTableViewCell.xib */ = {isa = PBXFileReference; lastKnownFileType = file.xib; path = VGColorTableViewCell.xib; sourceTree = "<group>"; };
		F26245E8243F7C8E001CB3E4 /* LaunchScreen.storyboard */ = {isa = PBXFileReference; lastKnownFileType = file.storyboard; path = LaunchScreen.storyboard; sourceTree = "<group>"; };
		F2647BE42434F8B500283B38 /* UIColor+Extensions.swift */ = {isa = PBXFileReference; lastKnownFileType = sourcecode.swift; path = "UIColor+Extensions.swift"; sourceTree = "<group>"; };
		F2647BE62435024600283B38 /* String+Extensions.swift */ = {isa = PBXFileReference; lastKnownFileType = sourcecode.swift; path = "String+Extensions.swift"; sourceTree = "<group>"; };
		F2647BE82435029900283B38 /* UIView+Extensions.swift */ = {isa = PBXFileReference; lastKnownFileType = sourcecode.swift; path = "UIView+Extensions.swift"; sourceTree = "<group>"; };
		F2647BEA24352FBD00283B38 /* Strings.swift */ = {isa = PBXFileReference; lastKnownFileType = sourcecode.swift; path = Strings.swift; sourceTree = "<group>"; };
		F26B01E7244E009400220F43 /* DisplayLineProtocol.swift */ = {isa = PBXFileReference; fileEncoding = 4; lastKnownFileType = sourcecode.swift; path = DisplayLineProtocol.swift; sourceTree = "<group>"; };
		F26B2C0D24B28E1D00E9F22C /* SplitViewController.swift */ = {isa = PBXFileReference; fileEncoding = 4; lastKnownFileType = sourcecode.swift; path = SplitViewController.swift; sourceTree = "<group>"; };
		F26B2C2724B3570A00E9F22C /* SidebarCollectionViewController.swift */ = {isa = PBXFileReference; lastKnownFileType = sourcecode.swift; path = SidebarCollectionViewController.swift; sourceTree = "<group>"; };
		F26CCB6C23DBB44600697EFA /* en */ = {isa = PBXFileReference; lastKnownFileType = text.plist.strings; name = en; path = en.lproj/Localizable.strings; sourceTree = "<group>"; };
		F2797D5623CD1AC500207650 /* VGHistoryDetailsTableViewController.swift */ = {isa = PBXFileReference; lastKnownFileType = sourcecode.swift; path = VGHistoryDetailsTableViewController.swift; sourceTree = "<group>"; };
		F27CB77B23D38A3D002BF28F /* VGDeviceConnectedHeaderView.xib */ = {isa = PBXFileReference; fileEncoding = 4; lastKnownFileType = file.xib; path = VGDeviceConnectedHeaderView.xib; sourceTree = "<group>"; };
		F27CB77D23D38C50002BF28F /* VGDeviceConnectedHeaderView.swift */ = {isa = PBXFileReference; lastKnownFileType = sourcecode.swift; path = VGDeviceConnectedHeaderView.swift; sourceTree = "<group>"; };
		F27DFBA724194E330089DFF1 /* VGGPXParser.swift */ = {isa = PBXFileReference; lastKnownFileType = sourcecode.swift; path = VGGPXParser.swift; sourceTree = "<group>"; };
		F280AC8E24C2773500509C5E /* LogDateSplitter.swift */ = {isa = PBXFileReference; lastKnownFileType = sourcecode.swift; path = LogDateSplitter.swift; sourceTree = "<group>"; };
		F280AC9224C3352C00509C5E /* VGMapViewController.swift */ = {isa = PBXFileReference; lastKnownFileType = sourcecode.swift; path = VGMapViewController.swift; sourceTree = "<group>"; };
		F280ACD024C37DCB00509C5E /* VGColorWell.swift */ = {isa = PBXFileReference; lastKnownFileType = sourcecode.swift; path = VGColorWell.swift; sourceTree = "<group>"; };
		F286124B24C0DA920029F34A /* VGMapSnapshotter.swift */ = {isa = PBXFileReference; lastKnownFileType = sourcecode.swift; path = VGMapSnapshotter.swift; sourceTree = "<group>"; };
		F28D752C248D512D0060DFD6 /* VGFileNameDateFormatter.swift */ = {isa = PBXFileReference; lastKnownFileType = sourcecode.swift; path = VGFileNameDateFormatter.swift; sourceTree = "<group>"; };
		F297DD022439445B00431472 /* DeviceCommunicator.swift */ = {isa = PBXFileReference; lastKnownFileType = sourcecode.swift; path = DeviceCommunicator.swift; sourceTree = "<group>"; };
		F2AB175C2428F68B003240C1 /* Base */ = {isa = PBXFileReference; lastKnownFileType = file.xib; name = Base; path = Base.lproj/VGNewVehicleTableViewCell.xib; sourceTree = "<group>"; };
		F2AB17662428FAEB003240C1 /* en */ = {isa = PBXFileReference; lastKnownFileType = text.plist.strings; name = en; path = en.lproj/VGNewVehicleTableViewCell.strings; sourceTree = "<group>"; };
		F2AC16FD23EDAFA400516498 /* VGEditVehicleTableViewController.swift */ = {isa = PBXFileReference; lastKnownFileType = sourcecode.swift; path = VGEditVehicleTableViewController.swift; sourceTree = "<group>"; };
		F2AC170123F0094C00516498 /* VGMapPoint.swift */ = {isa = PBXFileReference; lastKnownFileType = sourcecode.swift; path = VGMapPoint.swift; sourceTree = "<group>"; };
		F2B50C2B24151C9D002ECCC6 /* VGShortCSVParser.swift */ = {isa = PBXFileReference; lastKnownFileType = sourcecode.swift; path = VGShortCSVParser.swift; sourceTree = "<group>"; };
		F2C73ABD24266148008069AE /* VGImportFileTableViewController.swift */ = {isa = PBXFileReference; lastKnownFileType = sourcecode.swift; path = VGImportFileTableViewController.swift; sourceTree = "<group>"; };
		F2C96EB122A853A500180055 /* VGFileManager.swift */ = {isa = PBXFileReference; lastKnownFileType = sourcecode.swift; path = VGFileManager.swift; sourceTree = "<group>"; };
		F2D36DA622A71CB700FC0DDD /* VGDataStore.swift */ = {isa = PBXFileReference; lastKnownFileType = sourcecode.swift; path = VGDataStore.swift; sourceTree = "<group>"; };
		F2D6A31322AE0504004DDF69 /* VGGPXGenerator.swift */ = {isa = PBXFileReference; lastKnownFileType = sourcecode.swift; path = VGGPXGenerator.swift; sourceTree = "<group>"; };
		F2D8C30423FDD01500D77BF2 /* NotificationCenterNames.swift */ = {isa = PBXFileReference; lastKnownFileType = sourcecode.swift; path = NotificationCenterNames.swift; sourceTree = "<group>"; };
		F2DCA9432402E3BA00CA9CF1 /* VGArduinoCSVParser.swift */ = {isa = PBXFileReference; lastKnownFileType = sourcecode.swift; path = VGArduinoCSVParser.swift; sourceTree = "<group>"; };
		F2DCA94524043FFC00CA9CF1 /* is */ = {isa = PBXFileReference; lastKnownFileType = text.plist.strings; name = is; path = is.lproj/Localizable.strings; sourceTree = "<group>"; };
		F2EE0CAF2407E76C00916DD9 /* StreamReader.swift */ = {isa = PBXFileReference; lastKnownFileType = sourcecode.swift; path = StreamReader.swift; sourceTree = "<group>"; };
		F2F14BB824423D0300982E8A /* VGVGPSDeviceSettingsTableViewController.swift */ = {isa = PBXFileReference; lastKnownFileType = sourcecode.swift; path = VGVGPSDeviceSettingsTableViewController.swift; sourceTree = "<group>"; };
		F2FDA85D23C646B3000B8B76 /* VGDatabaseTableViewController.swift */ = {isa = PBXFileReference; lastKnownFileType = sourcecode.swift; path = VGDatabaseTableViewController.swift; sourceTree = "<group>"; };
		F2FF02372442815000502869 /* VGDownloadedFile.swift */ = {isa = PBXFileReference; lastKnownFileType = sourcecode.swift; path = VGDownloadedFile.swift; sourceTree = "<group>"; };
/* End PBXFileReference section */

/* Begin PBXFrameworksBuildPhase section */
		F23BE8B822A5E4B9008FD50C /* Frameworks */ = {
			isa = PBXFrameworksBuildPhase;
			buildActionMask = 2147483647;
			files = (
				09DD9ED3104045D6742E2711 /* Pods_VehicleGPS.framework in Frameworks */,
				F24A6FCE22F8521F00C8D372 /* NetworkExtension.framework in Frameworks */,
			);
			runOnlyForDeploymentPostprocessing = 0;
		};
/* End PBXFrameworksBuildPhase section */

/* Begin PBXGroup section */
		B569BCF86EAE66A64691E47D /* Pods */ = {
			isa = PBXGroup;
			children = (
				9CB23282698EF0E65FC3BED1 /* Pods-VehicleGPS.debug.xcconfig */,
				18EB1CD0499873B64661B1E0 /* Pods-VehicleGPS.release.xcconfig */,
			);
			path = Pods;
			sourceTree = "<group>";
		};
		DBFBC654E6716F74B4F5BEFF /* Frameworks */ = {
			isa = PBXGroup;
			children = (
				F24A6FCD22F8521F00C8D372 /* NetworkExtension.framework */,
				91414370C2664EC28E073078 /* Pods_VehicleGPS.framework */,
			);
			name = Frameworks;
			sourceTree = "<group>";
		};
		F215AC7523DB1EF80001AF24 /* Database Entities */ = {
			isa = PBXGroup;
			children = (
				F23BE8EB22A5E5BB008FD50C /* VGDataPoint.swift */,
				F215AC6323DB1AA40001AF24 /* VGVehicle.swift */,
				F215AC6523DB1AAC0001AF24 /* VGJourney.swift */,
				F23BE8E922A5E5BB008FD50C /* VGTrack.swift */,
				F2AC170123F0094C00516498 /* VGMapPoint.swift */,
				F2FF02372442815000502869 /* VGDownloadedFile.swift */,
			);
			path = "Database Entities";
			sourceTree = "<group>";
		};
		F215AC7F23DB38FB0001AF24 /* Vehicles */ = {
			isa = PBXGroup;
			children = (
				F23A32CE23DBA82100B21050 /* VGVehicleTableViewCell.xib */,
				F2AB17592428F658003240C1 /* VGNewVehicleTableViewCell.xib */,
				F215AC7D23DB38D90001AF24 /* VGVehiclesTableViewController.swift */,
				F22235FC23E1D9D5008EF8E5 /* VGVehiclesSelectionTableViewController.swift */,
				F215AC8223DB3BC50001AF24 /* VGNewVehicleTableViewController.swift */,
				F2AC16FD23EDAFA400516498 /* VGEditVehicleTableViewController.swift */,
				F215AC8623DB8E0D0001AF24 /* VGNewVehicleTableViewCell.swift */,
				F280ACD024C37DCB00509C5E /* VGColorWell.swift */,
				F22235FE23E21216008EF8E5 /* VGVehicleDetailsTableViewController.swift */,
				F258F5E523FB02C70079C1EE /* VGColorTableViewCell.swift */,
				F258F5E723FB02DC0079C1EE /* VGColorTableViewCell.xib */,
			);
			path = Vehicles;
			sourceTree = "<group>";
		};
		F215ADFA2402786B000ECFFF /* Parsers */ = {
			isa = PBXGroup;
			children = (
				F215ADFB2402799C000ECFFF /* VGCSVParser.swift */,
				F2B50C2B24151C9D002ECCC6 /* VGShortCSVParser.swift */,
				F2DCA9432402E3BA00CA9CF1 /* VGArduinoCSVParser.swift */,
				F27DFBA724194E330089DFF1 /* VGGPXParser.swift */,
				F228C43B23D76A9700E5BBB7 /* IVGLogParser.swift */,
			);
			path = Parsers;
			sourceTree = "<group>";
		};
		F2169BEB23C9CE4500DE8547 /* Shared Entities */ = {
			isa = PBXGroup;
			children = (
				F24754F823DDABE0007E0DF8 /* Formatters */,
				F24D88D123D6381D0071F6BC /* Snapshots */,
				F215ADFA2402786B000ECFFF /* Parsers */,
				F26B2C0D24B28E1D00E9F22C /* SplitViewController.swift */,
				F26B2C2724B3570A00E9F22C /* SidebarCollectionViewController.swift */,
				F23BE8BE22A5E4B9008FD50C /* AppDelegate.swift */,
				F2647BE42434F8B500283B38 /* UIColor+Extensions.swift */,
				F2647BE82435029900283B38 /* UIView+Extensions.swift */,
				F2647BE62435024600283B38 /* String+Extensions.swift */,
				F2C73ABD24266148008069AE /* VGImportFileTableViewController.swift */,
				F228B30A243CB5EC00D79D5E /* VGImportTableViewCell.xib */,
				F23F60C0244C87C100A97CF8 /* VGImportTableViewCell.swift */,
				F2D36DA622A71CB700FC0DDD /* VGDataStore.swift */,
				F2C96EB122A853A500180055 /* VGFileManager.swift */,
				F2EE0CAF2407E76C00916DD9 /* StreamReader.swift */,
				F23BE8EE22A5E5BB008FD50C /* VGSFTPManager.swift */,
				F297DD022439445B00431472 /* DeviceCommunicator.swift */,
				F2D6A31322AE0504004DDF69 /* VGGPXGenerator.swift */,
				F24754FD23DDAFA8007E0DF8 /* VGListEmptyLabel.swift */,
				F2D8C30423FDD01500D77BF2 /* NotificationCenterNames.swift */,
				F20574B624379C720044282B /* Constants.swift */,
				F2647BEA24352FBD00283B38 /* Strings.swift */,
				F20574B424379A1F0044282B /* Icons.swift */,
				F26245E8243F7C8E001CB3E4 /* LaunchScreen.storyboard */,
				F228B30E243CED3A00D79D5E /* VGMapView.swift */,
				F280AC8E24C2773500509C5E /* LogDateSplitter.swift */,
				F280AC9224C3352C00509C5E /* VGMapViewController.swift */,
			);
			path = "Shared Entities";
			sourceTree = "<group>";
		};
		F2169BEC23C9CE5800DE8547 /* Tabs */ = {
			isa = PBXGroup;
			children = (
				F23BE8D322A5E566008FD50C /* VGTabBarController.swift */,
				F23BE8D622A5E576008FD50C /* Logs */,
				F25839CD23A6602C00E76B54 /* History */,
				F2169BED23C9D06E00DE8547 /* Journeys */,
				F215AC7F23DB38FB0001AF24 /* Vehicles */,
				F23BE8D722A5E585008FD50C /* Settings */,
			);
			path = Tabs;
			sourceTree = "<group>";
		};
		F2169BED23C9D06E00DE8547 /* Journeys */ = {
			isa = PBXGroup;
			children = (
				F23A32D023DBA85100B21050 /* VGVehicleTableViewCell.swift */,
				F2169BEE23C9D0BE00DE8547 /* VGJourneyTableViewController.swift */,
				F206FA7623D09366009A37F6 /* VGNewJourneyTableViewController.swift */,
			);
			path = Journeys;
			sourceTree = "<group>";
		};
		F23BE8B222A5E4B9008FD50C = {
			isa = PBXGroup;
			children = (
				F23BE8BD22A5E4B9008FD50C /* VehicleGPS */,
				F23BE8BC22A5E4B9008FD50C /* Products */,
				B569BCF86EAE66A64691E47D /* Pods */,
				DBFBC654E6716F74B4F5BEFF /* Frameworks */,
			);
			sourceTree = "<group>";
		};
		F23BE8BC22A5E4B9008FD50C /* Products */ = {
			isa = PBXGroup;
			children = (
				F23BE8BB22A5E4B9008FD50C /* VehicleGPS.app */,
			);
			name = Products;
			sourceTree = "<group>";
		};
		F23BE8BD22A5E4B9008FD50C /* VehicleGPS */ = {
			isa = PBXGroup;
			children = (
				F24A6FCC22F8521E00C8D372 /* VehicleGPS.entitlements */,
				F23BE8CD22A5E4BA008FD50C /* Info.plist */,
				F26CCB6D23DBB44600697EFA /* Localizable.strings */,
				F23BE8C822A5E4BA008FD50C /* Assets.xcassets */,
				F23BE8C522A5E4B9008FD50C /* VehicleGPS.xcdatamodeld */,
				F215AC7523DB1EF80001AF24 /* Database Entities */,
				F2169BEB23C9CE4500DE8547 /* Shared Entities */,
				F2169BEC23C9CE5800DE8547 /* Tabs */,
			);
			path = VehicleGPS;
			sourceTree = "<group>";
		};
		F23BE8D622A5E576008FD50C /* Logs */ = {
			isa = PBXGroup;
			children = (
				F23BE8FF22A6FB1A008FD50C /* ViewControllers */,
				F23BE8FE22A6FB08008FD50C /* Cells */,
				F23BE8FD22A6FAE1008FD50C /* NIB */,
				F23BE8FC22A6FAD4008FD50C /* Entities */,
			);
			path = Logs;
			sourceTree = "<group>";
		};
		F23BE8D722A5E585008FD50C /* Settings */ = {
			isa = PBXGroup;
			children = (
				F23BE8D922A5E596008FD50C /* VGSettingsTableViewController.swift */,
				F23BE8D822A5E596008FD50C /* NewNetworkTableViewController.swift */,
				F23BE8DB22A5E596008FD50C /* VGWiFiTableViewController.swift */,
				F2FDA85D23C646B3000B8B76 /* VGDatabaseTableViewController.swift */,
				F2F14BB824423D0300982E8A /* VGVGPSDeviceSettingsTableViewController.swift */,
				F23BE8DC22A5E596008FD50C /* messages.plist */,
			);
			path = Settings;
			sourceTree = "<group>";
		};
		F23BE8FC22A6FAD4008FD50C /* Entities */ = {
			isa = PBXGroup;
			children = (
				F26B01E7244E009400220F43 /* DisplayLineProtocol.swift */,
				F257077922F09AAA00F201B3 /* TrackGraphView.swift */,
				F25669BD23CB6DB700CC7934 /* TrackGraphViewConfig.swift */,
				F257078122F0C20000F201B3 /* VGLogHeaderView.swift */,
				F27CB77D23D38C50002BF28F /* VGDeviceConnectedHeaderView.swift */,
			);
			path = Entities;
			sourceTree = "<group>";
		};
		F23BE8FD22A6FAE1008FD50C /* NIB */ = {
			isa = PBXGroup;
			children = (
				F24754FF23DDBB87007E0DF8 /* VGAvailableLogsTableViewCell.xib */,
				F23BE8EC22A5E5BB008FD50C /* VGLogsTableViewCell.xib */,
				F27CB77B23D38A3D002BF28F /* VGDeviceConnectedHeaderView.xib */,
				F257077F22F0C10B00F201B3 /* VGLogHeaderView.xib */,
				F25839DE23A9801400E76B54 /* VGDetailsHeaderView.xib */,
			);
			path = NIB;
			sourceTree = "<group>";
		};
		F23BE8FE22A6FB08008FD50C /* Cells */ = {
			isa = PBXGroup;
			children = (
				F247550123DDBC43007E0DF8 /* VGAvailableLogsTableViewCell.swift */,
				F23BE8ED22A5E5BB008FD50C /* VGLogsTableViewCell.swift */,
				F23BE8EA22A5E5BB008FD50C /* VGGraphTableViewCell.swift */,
			);
			path = Cells;
			sourceTree = "<group>";
		};
		F23BE8FF22A6FB1A008FD50C /* ViewControllers */ = {
			isa = PBXGroup;
			children = (
				F23BE8F022A5E5BB008FD50C /* VGLogsTableViewController.swift */,
				F24D88C423D3C7BD0071F6BC /* VGDownloadLogsViewController.swift */,
				F24D88C623D3CB0D0071F6BC /* VGAvailableDownloadTableViewController.swift */,
				F23BE8E722A5E5BB008FD50C /* VGLogDetailsViewController.swift */,
				F257077D22F09B9900F201B3 /* VGLogDetailsTrackTableViewController.swift */,
			);
			path = ViewControllers;
			sourceTree = "<group>";
		};
		F24754F823DDABE0007E0DF8 /* Formatters */ = {
			isa = PBXGroup;
			children = (
				F24754F423DD9219007E0DF8 /* VGHeaderDateFormatter.swift */,
				F24754F623DDAAD8007E0DF8 /* VGDistanceFormatter.swift */,
				F24754FB23DDAE26007E0DF8 /* VGDurationFormatter.swift */,
				F22F37C1243AAB60005E80C1 /* VGDateParsingFormatter.swift */,
				F28D752C248D512D0060DFD6 /* VGFileNameDateFormatter.swift */,
				F23F60C2244C8A5400A97CF8 /* VGFullDateFormatter.swift */,
			);
			path = Formatters;
			sourceTree = "<group>";
		};
		F24D88D123D6381D0071F6BC /* Snapshots */ = {
			isa = PBXGroup;
			children = (
				F24D88CA23D622300071F6BC /* VGSnapshotMaker.swift */,
				F24D88CC23D631C00071F6BC /* VGZeroMapSnapshotter.swift */,
				F24D88CE23D632D60071F6BC /* VGTrackMapSnapshotter.swift */,
				F286124B24C0DA920029F34A /* VGMapSnapshotter.swift */,
			);
			path = Snapshots;
			sourceTree = "<group>";
		};
		F25839CD23A6602C00E76B54 /* History */ = {
			isa = PBXGroup;
			children = (
				F25839D623A680D400E76B54 /* VGHistoryTableViewController.swift */,
				F25839D823A680FC00E76B54 /* VGHistoryTableViewCell.swift */,
				F25839DA23A6810F00E76B54 /* VGHistoryTableViewCell.xib */,
				F25839E223AAD1E000E76B54 /* VGHistoryHeader.swift */,
				F23D786E23B1551300DBC64F /* VGHistorySection.swift */,
				F25839DC23A6BE8600E76B54 /* VGTracksSummary.swift */,
				F2797D5623CD1AC500207650 /* VGHistoryDetailsTableViewController.swift */,
			);
			path = History;
			sourceTree = "<group>";
		};
/* End PBXGroup section */

/* Begin PBXNativeTarget section */
		F23BE8BA22A5E4B9008FD50C /* VehicleGPS */ = {
			isa = PBXNativeTarget;
			buildConfigurationList = F23BE8D022A5E4BA008FD50C /* Build configuration list for PBXNativeTarget "VehicleGPS" */;
			buildPhases = (
				668EE25938AB33E5D91A01DD /* [CP] Check Pods Manifest.lock */,
				F23BE8B822A5E4B9008FD50C /* Frameworks */,
				F23BE8B722A5E4B9008FD50C /* Sources */,
				F23BE8B922A5E4B9008FD50C /* Resources */,
				73324A3AF290B093A55A79C2 /* [CP] Embed Pods Frameworks */,
			);
			buildRules = (
			);
			dependencies = (
			);
			name = VehicleGPS;
			productName = VehicleGPS;
			productReference = F23BE8BB22A5E4B9008FD50C /* VehicleGPS.app */;
			productType = "com.apple.product-type.application";
		};
/* End PBXNativeTarget section */

/* Begin PBXProject section */
		F23BE8B322A5E4B9008FD50C /* Project object */ = {
			isa = PBXProject;
			attributes = {
				LastSwiftUpdateCheck = 1020;
				LastUpgradeCheck = 1020;
				ORGANIZATIONNAME = "Bergþór Þrastarson";
				TargetAttributes = {
					F23BE8BA22A5E4B9008FD50C = {
						CreatedOnToolsVersion = 10.2.1;
						SystemCapabilities = {
							com.apple.HotspotConfiguration = {
								enabled = 1;
							};
							com.apple.NetworkExtensions.iOS = {
								enabled = 1;
							};
						};
					};
				};
			};
			buildConfigurationList = F23BE8B622A5E4B9008FD50C /* Build configuration list for PBXProject "VehicleGPS" */;
			compatibilityVersion = "Xcode 9.3";
			developmentRegion = is;
			hasScannedForEncodings = 0;
			knownRegions = (
				en,
				is,
				Base,
			);
			mainGroup = F23BE8B222A5E4B9008FD50C;
			productRefGroup = F23BE8BC22A5E4B9008FD50C /* Products */;
			projectDirPath = "";
			projectRoot = "";
			targets = (
				F23BE8BA22A5E4B9008FD50C /* VehicleGPS */,
			);
		};
/* End PBXProject section */

/* Begin PBXResourcesBuildPhase section */
		F23BE8B922A5E4B9008FD50C /* Resources */ = {
			isa = PBXResourcesBuildPhase;
			buildActionMask = 2147483647;
			files = (
				F257078022F0C10B00F201B3 /* VGLogHeaderView.xib in Resources */,
				F23BE8F722A5E5BB008FD50C /* VGLogsTableViewCell.xib in Resources */,
				F228B30B243CB5EC00D79D5E /* VGImportTableViewCell.xib in Resources */,
				F26CCB6B23DBB44600697EFA /* Localizable.strings in Resources */,
				F23A32CF23DBA82100B21050 /* VGVehicleTableViewCell.xib in Resources */,
				F26245E9243F7C8E001CB3E4 /* LaunchScreen.storyboard in Resources */,
				F23BE8E122A5E596008FD50C /* messages.plist in Resources */,
				F258F5E823FB02DC0079C1EE /* VGColorTableViewCell.xib in Resources */,
				F25839DF23A9801400E76B54 /* VGDetailsHeaderView.xib in Resources */,
				F27CB77C23D38A3D002BF28F /* VGDeviceConnectedHeaderView.xib in Resources */,
				F247550023DDBB87007E0DF8 /* VGAvailableLogsTableViewCell.xib in Resources */,
				F25839DB23A6810F00E76B54 /* VGHistoryTableViewCell.xib in Resources */,
				F23BE8C922A5E4BA008FD50C /* Assets.xcassets in Resources */,
				F2AB17572428F658003240C1 /* VGNewVehicleTableViewCell.xib in Resources */,
			);
			runOnlyForDeploymentPostprocessing = 0;
		};
/* End PBXResourcesBuildPhase section */

/* Begin PBXShellScriptBuildPhase section */
		668EE25938AB33E5D91A01DD /* [CP] Check Pods Manifest.lock */ = {
			isa = PBXShellScriptBuildPhase;
			buildActionMask = 2147483647;
			files = (
			);
			inputFileListPaths = (
			);
			inputPaths = (
				"${PODS_PODFILE_DIR_PATH}/Podfile.lock",
				"${PODS_ROOT}/Manifest.lock",
			);
			name = "[CP] Check Pods Manifest.lock";
			outputFileListPaths = (
			);
			outputPaths = (
				"$(DERIVED_FILE_DIR)/Pods-VehicleGPS-checkManifestLockResult.txt",
			);
			runOnlyForDeploymentPostprocessing = 0;
			shellPath = /bin/sh;
			shellScript = "diff \"${PODS_PODFILE_DIR_PATH}/Podfile.lock\" \"${PODS_ROOT}/Manifest.lock\" > /dev/null\nif [ $? != 0 ] ; then\n    # print error to STDERR\n    echo \"error: The sandbox is not in sync with the Podfile.lock. Run 'pod install' or update your CocoaPods installation.\" >&2\n    exit 1\nfi\n# This output is used by Xcode 'outputs' to avoid re-running this script phase.\necho \"SUCCESS\" > \"${SCRIPT_OUTPUT_FILE_0}\"\n";
			showEnvVarsInLog = 0;
		};
		73324A3AF290B093A55A79C2 /* [CP] Embed Pods Frameworks */ = {
			isa = PBXShellScriptBuildPhase;
			buildActionMask = 2147483647;
			files = (
			);
			inputFileListPaths = (
				"${PODS_ROOT}/Target Support Files/Pods-VehicleGPS/Pods-VehicleGPS-frameworks-${CONFIGURATION}-input-files.xcfilelist",
			);
			name = "[CP] Embed Pods Frameworks";
			outputFileListPaths = (
				"${PODS_ROOT}/Target Support Files/Pods-VehicleGPS/Pods-VehicleGPS-frameworks-${CONFIGURATION}-output-files.xcfilelist",
			);
			runOnlyForDeploymentPostprocessing = 0;
			shellPath = /bin/sh;
			shellScript = "\"${PODS_ROOT}/Target Support Files/Pods-VehicleGPS/Pods-VehicleGPS-frameworks.sh\"\n";
			showEnvVarsInLog = 0;
		};
/* End PBXShellScriptBuildPhase section */

/* Begin PBXSourcesBuildPhase section */
		F23BE8B722A5E4B9008FD50C /* Sources */ = {
			isa = PBXSourcesBuildPhase;
			buildActionMask = 2147483647;
			files = (
				F297DD032439445B00431472 /* DeviceCommunicator.swift in Sources */,
				F24754F523DD9219007E0DF8 /* VGHeaderDateFormatter.swift in Sources */,
				F280AC8F24C2773500509C5E /* LogDateSplitter.swift in Sources */,
				F23D786F23B1551300DBC64F /* VGHistorySection.swift in Sources */,
				F24754FC23DDAE26007E0DF8 /* VGDurationFormatter.swift in Sources */,
				F22F37C2243AAB60005E80C1 /* VGDateParsingFormatter.swift in Sources */,
				F25839D723A680D400E76B54 /* VGHistoryTableViewController.swift in Sources */,
				F23BE8F422A5E5BB008FD50C /* VGTrack.swift in Sources */,
				F286124C24C0DA920029F34A /* VGMapSnapshotter.swift in Sources */,
				F25839D923A680FC00E76B54 /* VGHistoryTableViewCell.swift in Sources */,
				F2647BE92435029900283B38 /* UIView+Extensions.swift in Sources */,
				F25839E323AAD1E000E76B54 /* VGHistoryHeader.swift in Sources */,
				F23BE8DD22A5E596008FD50C /* NewNetworkTableViewController.swift in Sources */,
				F20574B724379C720044282B /* Constants.swift in Sources */,
				F23BE8D422A5E566008FD50C /* VGTabBarController.swift in Sources */,
				F2647BEB24352FBD00283B38 /* Strings.swift in Sources */,
				F26B01E8244E009400220F43 /* DisplayLineProtocol.swift in Sources */,
				F23BE8F222A5E5BB008FD50C /* VGLogDetailsViewController.swift in Sources */,
				F257077A22F09AAA00F201B3 /* TrackGraphView.swift in Sources */,
				F23BE8C722A5E4B9008FD50C /* VehicleGPS.xcdatamodeld in Sources */,
				F2AC170223F0094C00516498 /* VGMapPoint.swift in Sources */,
				F2C96EB222A853A500180055 /* VGFileManager.swift in Sources */,
				F24D88C523D3C7BD0071F6BC /* VGDownloadLogsViewController.swift in Sources */,
				F24754FE23DDAFA8007E0DF8 /* VGListEmptyLabel.swift in Sources */,
				F23F60C1244C87C100A97CF8 /* VGImportTableViewCell.swift in Sources */,
				F215AC6423DB1AA40001AF24 /* VGVehicle.swift in Sources */,
				F2D8C30523FDD01500D77BF2 /* NotificationCenterNames.swift in Sources */,
				F206FA7723D09366009A37F6 /* VGNewJourneyTableViewController.swift in Sources */,
				F258F5E623FB02C70079C1EE /* VGColorTableViewCell.swift in Sources */,
				F280AC9324C3352C00509C5E /* VGMapViewController.swift in Sources */,
				F24D88CF23D632D60071F6BC /* VGTrackMapSnapshotter.swift in Sources */,
				F2647BE72435024600283B38 /* String+Extensions.swift in Sources */,
				F280ACD124C37DCB00509C5E /* VGColorWell.swift in Sources */,
				F2D36DA722A71CB700FC0DDD /* VGDataStore.swift in Sources */,
				F257077E22F09B9900F201B3 /* VGLogDetailsTrackTableViewController.swift in Sources */,
				F2FDA85E23C646B3000B8B76 /* VGDatabaseTableViewController.swift in Sources */,
				F27DFBA824194E330089DFF1 /* VGGPXParser.swift in Sources */,
				F215AC7E23DB38D90001AF24 /* VGVehiclesTableViewController.swift in Sources */,
				F23BE8E022A5E596008FD50C /* VGWiFiTableViewController.swift in Sources */,
				F27CB77E23D38C50002BF28F /* VGDeviceConnectedHeaderView.swift in Sources */,
				F23BE8F922A5E5BB008FD50C /* VGSFTPManager.swift in Sources */,
				F23A32D123DBA85100B21050 /* VGVehicleTableViewCell.swift in Sources */,
				F2797D5723CD1AC500207650 /* VGHistoryDetailsTableViewController.swift in Sources */,
				F22235FF23E21216008EF8E5 /* VGVehicleDetailsTableViewController.swift in Sources */,
				F247550223DDBC43007E0DF8 /* VGAvailableLogsTableViewCell.swift in Sources */,
				F28D752D248D512D0060DFD6 /* VGFileNameDateFormatter.swift in Sources */,
				F215AC8723DB8E0D0001AF24 /* VGNewVehicleTableViewCell.swift in Sources */,
				F20574B524379A1F0044282B /* Icons.swift in Sources */,
				F23BE8F822A5E5BB008FD50C /* VGLogsTableViewCell.swift in Sources */,
				F22235FD23E1D9D5008EF8E5 /* VGVehiclesSelectionTableViewController.swift in Sources */,
				F23BE8F622A5E5BB008FD50C /* VGDataPoint.swift in Sources */,
				F24D88C723D3CB0D0071F6BC /* VGAvailableDownloadTableViewController.swift in Sources */,
				F2EE0CB02407E76C00916DD9 /* StreamReader.swift in Sources */,
				F2169BEF23C9D0BE00DE8547 /* VGJourneyTableViewController.swift in Sources */,
				F2B50C2C24151C9D002ECCC6 /* VGShortCSVParser.swift in Sources */,
				F2F14BB924423D0300982E8A /* VGVGPSDeviceSettingsTableViewController.swift in Sources */,
				F2647BE52434F8B500283B38 /* UIColor+Extensions.swift in Sources */,
				F24D88CB23D622300071F6BC /* VGSnapshotMaker.swift in Sources */,
				F26B2C0E24B28E1D00E9F22C /* SplitViewController.swift in Sources */,
				F2C73ABE24266148008069AE /* VGImportFileTableViewController.swift in Sources */,
				F25669BE23CB6DB700CC7934 /* TrackGraphViewConfig.swift in Sources */,
				F24754F723DDAAD8007E0DF8 /* VGDistanceFormatter.swift in Sources */,
				F26B2C2824B3570A00E9F22C /* SidebarCollectionViewController.swift in Sources */,
				F23BE8F522A5E5BB008FD50C /* VGGraphTableViewCell.swift in Sources */,
				F23F60C3244C8A5400A97CF8 /* VGFullDateFormatter.swift in Sources */,
				F25839DD23A6BE8600E76B54 /* VGTracksSummary.swift in Sources */,
				F2AC16FE23EDAFA400516498 /* VGEditVehicleTableViewController.swift in Sources */,
				F215AC8323DB3BC50001AF24 /* VGNewVehicleTableViewController.swift in Sources */,
				F24D88CD23D631C00071F6BC /* VGZeroMapSnapshotter.swift in Sources */,
				F2FF02382442815000502869 /* VGDownloadedFile.swift in Sources */,
				F215ADFC2402799C000ECFFF /* VGCSVParser.swift in Sources */,
				F228C43C23D76A9700E5BBB7 /* IVGLogParser.swift in Sources */,
				F2D6A31422AE0504004DDF69 /* VGGPXGenerator.swift in Sources */,
				F257078222F0C20000F201B3 /* VGLogHeaderView.swift in Sources */,
				F2DCA9442402E3BA00CA9CF1 /* VGArduinoCSVParser.swift in Sources */,
				F23BE8BF22A5E4B9008FD50C /* AppDelegate.swift in Sources */,
				F228B30F243CED3A00D79D5E /* VGMapView.swift in Sources */,
				F215AC6623DB1AAC0001AF24 /* VGJourney.swift in Sources */,
				F23BE8FB22A5E5BB008FD50C /* VGLogsTableViewController.swift in Sources */,
				F23BE8DE22A5E596008FD50C /* VGSettingsTableViewController.swift in Sources */,
			);
			runOnlyForDeploymentPostprocessing = 0;
		};
/* End PBXSourcesBuildPhase section */

/* Begin PBXVariantGroup section */
		F26CCB6D23DBB44600697EFA /* Localizable.strings */ = {
			isa = PBXVariantGroup;
			children = (
				F26CCB6C23DBB44600697EFA /* en */,
				F2DCA94524043FFC00CA9CF1 /* is */,
			);
			name = Localizable.strings;
			sourceTree = "<group>";
		};
		F2AB17592428F658003240C1 /* VGNewVehicleTableViewCell.xib */ = {
			isa = PBXVariantGroup;
			children = (
				F2AB175C2428F68B003240C1 /* Base */,
				F2AB17662428FAEB003240C1 /* en */,
			);
			name = VGNewVehicleTableViewCell.xib;
			sourceTree = "<group>";
		};
/* End PBXVariantGroup section */

/* Begin XCBuildConfiguration section */
		F23BE8CE22A5E4BA008FD50C /* Debug */ = {
			isa = XCBuildConfiguration;
			buildSettings = {
				ALWAYS_SEARCH_USER_PATHS = NO;
				CLANG_ANALYZER_LOCALIZABILITY_NONLOCALIZED = YES;
				CLANG_ANALYZER_NONNULL = YES;
				CLANG_ANALYZER_NUMBER_OBJECT_CONVERSION = YES_AGGRESSIVE;
				CLANG_CXX_LANGUAGE_STANDARD = "gnu++14";
				CLANG_CXX_LIBRARY = "libc++";
				CLANG_ENABLE_MODULES = YES;
				CLANG_ENABLE_OBJC_ARC = YES;
				CLANG_ENABLE_OBJC_WEAK = YES;
				CLANG_WARN_BLOCK_CAPTURE_AUTORELEASING = YES;
				CLANG_WARN_BOOL_CONVERSION = YES;
				CLANG_WARN_COMMA = YES;
				CLANG_WARN_CONSTANT_CONVERSION = YES;
				CLANG_WARN_DEPRECATED_OBJC_IMPLEMENTATIONS = YES;
				CLANG_WARN_DIRECT_OBJC_ISA_USAGE = YES_ERROR;
				CLANG_WARN_DOCUMENTATION_COMMENTS = YES;
				CLANG_WARN_EMPTY_BODY = YES;
				CLANG_WARN_ENUM_CONVERSION = YES;
				CLANG_WARN_INFINITE_RECURSION = YES;
				CLANG_WARN_INT_CONVERSION = YES;
				CLANG_WARN_NON_LITERAL_NULL_CONVERSION = YES;
				CLANG_WARN_OBJC_IMPLICIT_RETAIN_SELF = YES;
				CLANG_WARN_OBJC_LITERAL_CONVERSION = YES;
				CLANG_WARN_OBJC_ROOT_CLASS = YES_ERROR;
				CLANG_WARN_RANGE_LOOP_ANALYSIS = YES;
				CLANG_WARN_STRICT_PROTOTYPES = YES;
				CLANG_WARN_SUSPICIOUS_MOVE = YES;
				CLANG_WARN_UNGUARDED_AVAILABILITY = YES_AGGRESSIVE;
				CLANG_WARN_UNREACHABLE_CODE = YES;
				CLANG_WARN__DUPLICATE_METHOD_MATCH = YES;
				CODE_SIGN_IDENTITY = "iPhone Developer";
				COPY_PHASE_STRIP = NO;
				DEBUG_INFORMATION_FORMAT = dwarf;
				ENABLE_STRICT_OBJC_MSGSEND = YES;
				ENABLE_TESTABILITY = YES;
				GCC_C_LANGUAGE_STANDARD = gnu11;
				GCC_DYNAMIC_NO_PIC = NO;
				GCC_NO_COMMON_BLOCKS = YES;
				GCC_OPTIMIZATION_LEVEL = 0;
				GCC_PREPROCESSOR_DEFINITIONS = (
					"DEBUG=1",
					"$(inherited)",
				);
				GCC_WARN_64_TO_32_BIT_CONVERSION = YES;
				GCC_WARN_ABOUT_RETURN_TYPE = YES_ERROR;
				GCC_WARN_UNDECLARED_SELECTOR = YES;
				GCC_WARN_UNINITIALIZED_AUTOS = YES_AGGRESSIVE;
				GCC_WARN_UNUSED_FUNCTION = YES;
				GCC_WARN_UNUSED_VARIABLE = YES;
				IPHONEOS_DEPLOYMENT_TARGET = 14.0;
				MTL_ENABLE_DEBUG_INFO = INCLUDE_SOURCE;
				MTL_FAST_MATH = YES;
				ONLY_ACTIVE_ARCH = YES;
				SDKROOT = iphoneos;
				SWIFT_ACTIVE_COMPILATION_CONDITIONS = DEBUG;
				SWIFT_OPTIMIZATION_LEVEL = "-Onone";
			};
			name = Debug;
		};
		F23BE8CF22A5E4BA008FD50C /* Release */ = {
			isa = XCBuildConfiguration;
			buildSettings = {
				ALWAYS_SEARCH_USER_PATHS = NO;
				CLANG_ANALYZER_LOCALIZABILITY_NONLOCALIZED = YES;
				CLANG_ANALYZER_NONNULL = YES;
				CLANG_ANALYZER_NUMBER_OBJECT_CONVERSION = YES_AGGRESSIVE;
				CLANG_CXX_LANGUAGE_STANDARD = "gnu++14";
				CLANG_CXX_LIBRARY = "libc++";
				CLANG_ENABLE_MODULES = YES;
				CLANG_ENABLE_OBJC_ARC = YES;
				CLANG_ENABLE_OBJC_WEAK = YES;
				CLANG_WARN_BLOCK_CAPTURE_AUTORELEASING = YES;
				CLANG_WARN_BOOL_CONVERSION = YES;
				CLANG_WARN_COMMA = YES;
				CLANG_WARN_CONSTANT_CONVERSION = YES;
				CLANG_WARN_DEPRECATED_OBJC_IMPLEMENTATIONS = YES;
				CLANG_WARN_DIRECT_OBJC_ISA_USAGE = YES_ERROR;
				CLANG_WARN_DOCUMENTATION_COMMENTS = YES;
				CLANG_WARN_EMPTY_BODY = YES;
				CLANG_WARN_ENUM_CONVERSION = YES;
				CLANG_WARN_INFINITE_RECURSION = YES;
				CLANG_WARN_INT_CONVERSION = YES;
				CLANG_WARN_NON_LITERAL_NULL_CONVERSION = YES;
				CLANG_WARN_OBJC_IMPLICIT_RETAIN_SELF = YES;
				CLANG_WARN_OBJC_LITERAL_CONVERSION = YES;
				CLANG_WARN_OBJC_ROOT_CLASS = YES_ERROR;
				CLANG_WARN_RANGE_LOOP_ANALYSIS = YES;
				CLANG_WARN_STRICT_PROTOTYPES = YES;
				CLANG_WARN_SUSPICIOUS_MOVE = YES;
				CLANG_WARN_UNGUARDED_AVAILABILITY = YES_AGGRESSIVE;
				CLANG_WARN_UNREACHABLE_CODE = YES;
				CLANG_WARN__DUPLICATE_METHOD_MATCH = YES;
				CODE_SIGN_IDENTITY = "iPhone Developer";
				COPY_PHASE_STRIP = NO;
				DEBUG_INFORMATION_FORMAT = "dwarf-with-dsym";
				ENABLE_NS_ASSERTIONS = NO;
				ENABLE_STRICT_OBJC_MSGSEND = YES;
				GCC_C_LANGUAGE_STANDARD = gnu11;
				GCC_NO_COMMON_BLOCKS = YES;
				GCC_WARN_64_TO_32_BIT_CONVERSION = YES;
				GCC_WARN_ABOUT_RETURN_TYPE = YES_ERROR;
				GCC_WARN_UNDECLARED_SELECTOR = YES;
				GCC_WARN_UNINITIALIZED_AUTOS = YES_AGGRESSIVE;
				GCC_WARN_UNUSED_FUNCTION = YES;
				GCC_WARN_UNUSED_VARIABLE = YES;
				IPHONEOS_DEPLOYMENT_TARGET = 14.0;
				MTL_ENABLE_DEBUG_INFO = NO;
				MTL_FAST_MATH = YES;
				SDKROOT = iphoneos;
				SWIFT_COMPILATION_MODE = wholemodule;
				SWIFT_OPTIMIZATION_LEVEL = "-O";
				VALIDATE_PRODUCT = YES;
			};
			name = Release;
		};
		F23BE8D122A5E4BA008FD50C /* Debug */ = {
			isa = XCBuildConfiguration;
			baseConfigurationReference = 9CB23282698EF0E65FC3BED1 /* Pods-VehicleGPS.debug.xcconfig */;
			buildSettings = {
				ASSETCATALOG_COMPILER_APPICON_NAME = AppIcon;
				CODE_SIGN_ENTITLEMENTS = VehicleGPS/VehicleGPS.entitlements;
				CODE_SIGN_STYLE = Automatic;
				DEVELOPMENT_TEAM = NJU97Y2JX6;
				FRAMEWORK_SEARCH_PATHS = (
					"$(inherited)",
					"$(PROJECT_DIR)",
				);
				INFOPLIST_FILE = VehicleGPS/Info.plist;
				IPHONEOS_DEPLOYMENT_TARGET = 14.0;
				LD_RUNPATH_SEARCH_PATHS = (
					"$(inherited)",
					"@executable_path/Frameworks",
				);
				PRODUCT_BUNDLE_IDENTIFIER = com.bergtor05.VehicleGPS;
				PRODUCT_NAME = "$(TARGET_NAME)";
				SUPPORTS_MACCATALYST = YES;
				SWIFT_VERSION = 5.0;
				TARGETED_DEVICE_FAMILY = "1,2";
			};
			name = Debug;
		};
		F23BE8D222A5E4BA008FD50C /* Release */ = {
			isa = XCBuildConfiguration;
			baseConfigurationReference = 18EB1CD0499873B64661B1E0 /* Pods-VehicleGPS.release.xcconfig */;
			buildSettings = {
				ASSETCATALOG_COMPILER_APPICON_NAME = AppIcon;
				CODE_SIGN_ENTITLEMENTS = VehicleGPS/VehicleGPS.entitlements;
				CODE_SIGN_STYLE = Automatic;
				DEVELOPMENT_TEAM = NJU97Y2JX6;
				FRAMEWORK_SEARCH_PATHS = (
					"$(inherited)",
					"$(PROJECT_DIR)",
				);
				INFOPLIST_FILE = VehicleGPS/Info.plist;
				IPHONEOS_DEPLOYMENT_TARGET = 14.0;
				LD_RUNPATH_SEARCH_PATHS = (
					"$(inherited)",
					"@executable_path/Frameworks",
				);
				PRODUCT_BUNDLE_IDENTIFIER = com.bergtor05.VehicleGPS;
				PRODUCT_NAME = "$(TARGET_NAME)";
				SUPPORTS_MACCATALYST = YES;
				SWIFT_VERSION = 5.0;
				TARGETED_DEVICE_FAMILY = "1,2";
			};
			name = Release;
		};
/* End XCBuildConfiguration section */

/* Begin XCConfigurationList section */
		F23BE8B622A5E4B9008FD50C /* Build configuration list for PBXProject "VehicleGPS" */ = {
			isa = XCConfigurationList;
			buildConfigurations = (
				F23BE8CE22A5E4BA008FD50C /* Debug */,
				F23BE8CF22A5E4BA008FD50C /* Release */,
			);
			defaultConfigurationIsVisible = 0;
			defaultConfigurationName = Release;
		};
		F23BE8D022A5E4BA008FD50C /* Build configuration list for PBXNativeTarget "VehicleGPS" */ = {
			isa = XCConfigurationList;
			buildConfigurations = (
				F23BE8D122A5E4BA008FD50C /* Debug */,
				F23BE8D222A5E4BA008FD50C /* Release */,
			);
			defaultConfigurationIsVisible = 0;
			defaultConfigurationName = Release;
		};
/* End XCConfigurationList section */

/* Begin XCVersionGroup section */
		F23BE8C522A5E4B9008FD50C /* VehicleGPS.xcdatamodeld */ = {
			isa = XCVersionGroup;
			children = (
				F23BE8C622A5E4B9008FD50C /* VehicleGPS.xcdatamodel */,
			);
			currentVersion = F23BE8C622A5E4B9008FD50C /* VehicleGPS.xcdatamodel */;
			path = VehicleGPS.xcdatamodeld;
			sourceTree = "<group>";
			versionGroupType = wrapper.xcdatamodel;
		};
/* End XCVersionGroup section */
	};
	rootObject = F23BE8B322A5E4B9008FD50C /* Project object */;
}
